// !$*UTF8*$!
{
	archiveVersion = 1;
	classes = {
	};
	objectVersion = 48;
	objects = {

/* Begin PBXBuildFile section */
		D7372F4CD9A5E0F0D048AB95 /* Pods_NewsApp.framework in Frameworks */ = {isa = PBXBuildFile; fileRef = F0BF105AFBCFE37CD8CC1183 /* Pods_NewsApp.framework */; };
		FA211FF52064439B003E7A24 /* AppDelegate.swift in Sources */ = {isa = PBXBuildFile; fileRef = FA211FF42064439B003E7A24 /* AppDelegate.swift */; };
		FA211FFC2064439C003E7A24 /* Assets.xcassets in Resources */ = {isa = PBXBuildFile; fileRef = FA211FFB2064439C003E7A24 /* Assets.xcassets */; };
		FA211FFF2064439C003E7A24 /* LaunchScreen.storyboard in Resources */ = {isa = PBXBuildFile; fileRef = FA211FFD2064439C003E7A24 /* LaunchScreen.storyboard */; };
		FAB78B5E20667D0F00B08709 /* neg.json in Resources */ = {isa = PBXBuildFile; fileRef = FAB78B5D20667D0F00B08709 /* neg.json */; };
		FAB78B6020667D1300B08709 /* pos.json in Resources */ = {isa = PBXBuildFile; fileRef = FAB78B5F20667D1300B08709 /* pos.json */; };
		FABD305320644ADC0073E6B5 /* ParentViewController.swift in Sources */ = {isa = PBXBuildFile; fileRef = FABD305220644ADC0073E6B5 /* ParentViewController.swift */; };
		FABD305F20645A660073E6B5 /* PositiveViewController.swift in Sources */ = {isa = PBXBuildFile; fileRef = FABD305E20645A660073E6B5 /* PositiveViewController.swift */; };
		FABD306120645A710073E6B5 /* NegativeViewController.swift in Sources */ = {isa = PBXBuildFile; fileRef = FABD306020645A710073E6B5 /* NegativeViewController.swift */; };
		FABD306320645FE60073E6B5 /* MyCell.swift in Sources */ = {isa = PBXBuildFile; fileRef = FABD306220645FE60073E6B5 /* MyCell.swift */; };
		FADF0B3420653545006453E8 /* NewsViewController.swift in Sources */ = {isa = PBXBuildFile; fileRef = FADF0B3320653545006453E8 /* NewsViewController.swift */; };
		FADF0B3A20655BCD006453E8 /* NewsObject.swift in Sources */ = {isa = PBXBuildFile; fileRef = FADF0B3920655BCD006453E8 /* NewsObject.swift */; };
/* End PBXBuildFile section */

/* Begin PBXFileReference section */
		1AAB048D6F334313A1BC49EC /* Pods-NewsApp.debug.xcconfig */ = {isa = PBXFileReference; includeInIndex = 1; lastKnownFileType = text.xcconfig; name = "Pods-NewsApp.debug.xcconfig"; path = "Pods/Target Support Files/Pods-NewsApp/Pods-NewsApp.debug.xcconfig"; sourceTree = "<group>"; };
		95C24AD8998907B3BAEF7915 /* Pods-NewsApp.release.xcconfig */ = {isa = PBXFileReference; includeInIndex = 1; lastKnownFileType = text.xcconfig; name = "Pods-NewsApp.release.xcconfig"; path = "Pods/Target Support Files/Pods-NewsApp/Pods-NewsApp.release.xcconfig"; sourceTree = "<group>"; };
		F0BF105AFBCFE37CD8CC1183 /* Pods_NewsApp.framework */ = {isa = PBXFileReference; explicitFileType = wrapper.framework; includeInIndex = 0; path = Pods_NewsApp.framework; sourceTree = BUILT_PRODUCTS_DIR; };
		FA211FF12064439B003E7A24 /* NewsApp.app */ = {isa = PBXFileReference; explicitFileType = wrapper.application; includeInIndex = 0; path = NewsApp.app; sourceTree = BUILT_PRODUCTS_DIR; };
		FA211FF42064439B003E7A24 /* AppDelegate.swift */ = {isa = PBXFileReference; lastKnownFileType = sourcecode.swift; path = AppDelegate.swift; sourceTree = "<group>"; };
		FA211FFB2064439C003E7A24 /* Assets.xcassets */ = {isa = PBXFileReference; lastKnownFileType = folder.assetcatalog; path = Assets.xcassets; sourceTree = "<group>"; };
		FA211FFE2064439C003E7A24 /* Base */ = {isa = PBXFileReference; lastKnownFileType = file.storyboard; name = Base; path = Base.lproj/LaunchScreen.storyboard; sourceTree = "<group>"; };
		FA2120002064439C003E7A24 /* Info.plist */ = {isa = PBXFileReference; lastKnownFileType = text.plist.xml; path = Info.plist; sourceTree = "<group>"; };
		FAB78B5D20667D0F00B08709 /* neg.json */ = {isa = PBXFileReference; fileEncoding = 4; lastKnownFileType = text.json; path = neg.json; sourceTree = "<group>"; };
		FAB78B5F20667D1300B08709 /* pos.json */ = {isa = PBXFileReference; fileEncoding = 4; lastKnownFileType = text.json; path = pos.json; sourceTree = "<group>"; };
		FABD305220644ADC0073E6B5 /* ParentViewController.swift */ = {isa = PBXFileReference; lastKnownFileType = sourcecode.swift; path = ParentViewController.swift; sourceTree = "<group>"; };
		FABD305E20645A660073E6B5 /* PositiveViewController.swift */ = {isa = PBXFileReference; lastKnownFileType = sourcecode.swift; path = PositiveViewController.swift; sourceTree = "<group>"; };
		FABD306020645A710073E6B5 /* NegativeViewController.swift */ = {isa = PBXFileReference; lastKnownFileType = sourcecode.swift; path = NegativeViewController.swift; sourceTree = "<group>"; };
		FABD306220645FE60073E6B5 /* MyCell.swift */ = {isa = PBXFileReference; lastKnownFileType = sourcecode.swift; path = MyCell.swift; sourceTree = "<group>"; };
		FADF0B3320653545006453E8 /* NewsViewController.swift */ = {isa = PBXFileReference; lastKnownFileType = sourcecode.swift; path = NewsViewController.swift; sourceTree = "<group>"; };
		FADF0B3920655BCD006453E8 /* NewsObject.swift */ = {isa = PBXFileReference; lastKnownFileType = sourcecode.swift; path = NewsObject.swift; sourceTree = "<group>"; };
/* End PBXFileReference section */

/* Begin PBXFrameworksBuildPhase section */
		FA211FEE2064439B003E7A24 /* Frameworks */ = {
			isa = PBXFrameworksBuildPhase;
			buildActionMask = 2147483647;
			files = (
				D7372F4CD9A5E0F0D048AB95 /* Pods_NewsApp.framework in Frameworks */,
			);
			runOnlyForDeploymentPostprocessing = 0;
		};
/* End PBXFrameworksBuildPhase section */

/* Begin PBXGroup section */
		6CD90F5EE988E8C7548D34E7 /* Pods */ = {
			isa = PBXGroup;
			children = (
				1AAB048D6F334313A1BC49EC /* Pods-NewsApp.debug.xcconfig */,
				95C24AD8998907B3BAEF7915 /* Pods-NewsApp.release.xcconfig */,
			);
			name = Pods;
			sourceTree = "<group>";
		};
		DB107D289F2357157ACBFFB3 /* Frameworks */ = {
			isa = PBXGroup;
			children = (
				F0BF105AFBCFE37CD8CC1183 /* Pods_NewsApp.framework */,
			);
			name = Frameworks;
			sourceTree = "<group>";
		};
		FA211FE82064439B003E7A24 = {
			isa = PBXGroup;
			children = (
				FA211FF32064439B003E7A24 /* NewsApp */,
				FA211FF22064439B003E7A24 /* Products */,
				6CD90F5EE988E8C7548D34E7 /* Pods */,
				DB107D289F2357157ACBFFB3 /* Frameworks */,
			);
			sourceTree = "<group>";
		};
		FA211FF22064439B003E7A24 /* Products */ = {
			isa = PBXGroup;
			children = (
				FA211FF12064439B003E7A24 /* NewsApp.app */,
			);
			name = Products;
			sourceTree = "<group>";
		};
		FA211FF32064439B003E7A24 /* NewsApp */ = {
			isa = PBXGroup;
			children = (
				FA211FF42064439B003E7A24 /* AppDelegate.swift */,
				FAB78B56206651C400B08709 /* ParentAndChildeVC */,
				FADF0B3320653545006453E8 /* NewsViewController.swift */,
				FADF0B3920655BCD006453E8 /* NewsObject.swift */,
				FABD306220645FE60073E6B5 /* MyCell.swift */,
				FAB78B5D20667D0F00B08709 /* neg.json */,
				FAB78B5F20667D1300B08709 /* pos.json */,
				FA211FFB2064439C003E7A24 /* Assets.xcassets */,
				FA211FFD2064439C003E7A24 /* LaunchScreen.storyboard */,
				FA2120002064439C003E7A24 /* Info.plist */,
			);
			path = NewsApp;
			sourceTree = "<group>";
		};
		FAB78B56206651C400B08709 /* ParentAndChildeVC */ = {
			isa = PBXGroup;
			children = (
				FABD305220644ADC0073E6B5 /* ParentViewController.swift */,
				FABD305E20645A660073E6B5 /* PositiveViewController.swift */,
				FABD306020645A710073E6B5 /* NegativeViewController.swift */,
			);
			path = ParentAndChildeVC;
			sourceTree = "<group>";
		};
/* End PBXGroup section */

/* Begin PBXNativeTarget section */
		FA211FF02064439B003E7A24 /* NewsApp */ = {
			isa = PBXNativeTarget;
			buildConfigurationList = FA2120032064439C003E7A24 /* Build configuration list for PBXNativeTarget "NewsApp" */;
			buildPhases = (
				EAD537844D2C7DD7E8F8F855 /* [CP] Check Pods Manifest.lock */,
				FA211FED2064439B003E7A24 /* Sources */,
				FA211FEE2064439B003E7A24 /* Frameworks */,
				FA211FEF2064439B003E7A24 /* Resources */,
				60674E0BF704433D5406FB7B /* [CP] Embed Pods Frameworks */,
				AE0658F3A77E581544751B19 /* [CP] Copy Pods Resources */,
			);
			buildRules = (
			);
			dependencies = (
			);
			name = NewsApp;
			productName = NewsApp;
			productReference = FA211FF12064439B003E7A24 /* NewsApp.app */;
			productType = "com.apple.product-type.application";
		};
/* End PBXNativeTarget section */

/* Begin PBXProject section */
		FA211FE92064439B003E7A24 /* Project object */ = {
			isa = PBXProject;
			attributes = {
				LastSwiftUpdateCheck = 0920;
				LastUpgradeCheck = 0920;
				ORGANIZATIONNAME = MacBook;
				TargetAttributes = {
					FA211FF02064439B003E7A24 = {
						CreatedOnToolsVersion = 9.2;
						ProvisioningStyle = Automatic;
					};
				};
			};
			buildConfigurationList = FA211FEC2064439B003E7A24 /* Build configuration list for PBXProject "NewsApp" */;
			compatibilityVersion = "Xcode 8.0";
			developmentRegion = en;
			hasScannedForEncodings = 0;
			knownRegions = (
				en,
				Base,
			);
			mainGroup = FA211FE82064439B003E7A24;
			productRefGroup = FA211FF22064439B003E7A24 /* Products */;
			projectDirPath = "";
			projectRoot = "";
			targets = (
				FA211FF02064439B003E7A24 /* NewsApp */,
			);
		};
/* End PBXProject section */

/* Begin PBXResourcesBuildPhase section */
		FA211FEF2064439B003E7A24 /* Resources */ = {
			isa = PBXResourcesBuildPhase;
			buildActionMask = 2147483647;
			files = (
				FA211FFF2064439C003E7A24 /* LaunchScreen.storyboard in Resources */,
				FA211FFC2064439C003E7A24 /* Assets.xcassets in Resources */,
				FAB78B6020667D1300B08709 /* pos.json in Resources */,
				FAB78B5E20667D0F00B08709 /* neg.json in Resources */,
			);
			runOnlyForDeploymentPostprocessing = 0;
		};
/* End PBXResourcesBuildPhase section */

/* Begin PBXShellScriptBuildPhase section */
		60674E0BF704433D5406FB7B /* [CP] Embed Pods Frameworks */ = {
			isa = PBXShellScriptBuildPhase;
			buildActionMask = 2147483647;
			files = (
			);
			inputPaths = (
				"${SRCROOT}/Pods/Target Support Files/Pods-NewsApp/Pods-NewsApp-frameworks.sh",
				"${BUILT_PRODUCTS_DIR}/Alamofire/Alamofire.framework",
				"${BUILT_PRODUCTS_DIR}/AlamofireImage/AlamofireImage.framework",
				"${BUILT_PRODUCTS_DIR}/BulletinBoard/BulletinBoard.framework",
				"${BUILT_PRODUCTS_DIR}/Cartography/Cartography.framework",
				"${BUILT_PRODUCTS_DIR}/Kingfisher/Kingfisher.framework",
				"${BUILT_PRODUCTS_DIR}/NVActivityIndicatorView/NVActivityIndicatorView.framework",
				"${BUILT_PRODUCTS_DIR}/ObjectMapper/ObjectMapper.framework",
				"${BUILT_PRODUCTS_DIR}/ParallaxHeader/ParallaxHeader.framework",
				"${BUILT_PRODUCTS_DIR}/PromiseKit/PromiseKit.framework",
				"${BUILT_PRODUCTS_DIR}/SnapKit/SnapKit.framework",
				"${BUILT_PRODUCTS_DIR}/SwiftyJSON/SwiftyJSON.framework",
				"${BUILT_PRODUCTS_DIR}/TableFlip/TableFlip.framework",
				"${BUILT_PRODUCTS_DIR}/XLPagerTabStrip/XLPagerTabStrip.framework",
			);
			name = "[CP] Embed Pods Frameworks";
			outputPaths = (
				"${TARGET_BUILD_DIR}/${FRAMEWORKS_FOLDER_PATH}/Alamofire.framework",
				"${TARGET_BUILD_DIR}/${FRAMEWORKS_FOLDER_PATH}/AlamofireImage.framework",
				"${TARGET_BUILD_DIR}/${FRAMEWORKS_FOLDER_PATH}/BulletinBoard.framework",
				"${TARGET_BUILD_DIR}/${FRAMEWORKS_FOLDER_PATH}/Cartography.framework",
				"${TARGET_BUILD_DIR}/${FRAMEWORKS_FOLDER_PATH}/Kingfisher.framework",
				"${TARGET_BUILD_DIR}/${FRAMEWORKS_FOLDER_PATH}/NVActivityIndicatorView.framework",
				"${TARGET_BUILD_DIR}/${FRAMEWORKS_FOLDER_PATH}/ObjectMapper.framework",
				"${TARGET_BUILD_DIR}/${FRAMEWORKS_FOLDER_PATH}/ParallaxHeader.framework",
				"${TARGET_BUILD_DIR}/${FRAMEWORKS_FOLDER_PATH}/PromiseKit.framework",
				"${TARGET_BUILD_DIR}/${FRAMEWORKS_FOLDER_PATH}/SnapKit.framework",
				"${TARGET_BUILD_DIR}/${FRAMEWORKS_FOLDER_PATH}/SwiftyJSON.framework",
				"${TARGET_BUILD_DIR}/${FRAMEWORKS_FOLDER_PATH}/TableFlip.framework",
				"${TARGET_BUILD_DIR}/${FRAMEWORKS_FOLDER_PATH}/XLPagerTabStrip.framework",
			);
			runOnlyForDeploymentPostprocessing = 0;
			shellPath = /bin/sh;
			shellScript = "\"${SRCROOT}/Pods/Target Support Files/Pods-NewsApp/Pods-NewsApp-frameworks.sh\"\n";
			showEnvVarsInLog = 0;
		};
		AE0658F3A77E581544751B19 /* [CP] Copy Pods Resources */ = {
			isa = PBXShellScriptBuildPhase;
			buildActionMask = 2147483647;
			files = (
			);
			inputPaths = (
			);
			name = "[CP] Copy Pods Resources";
			outputPaths = (
			);
			runOnlyForDeploymentPostprocessing = 0;
			shellPath = /bin/sh;
			shellScript = "\"${SRCROOT}/Pods/Target Support Files/Pods-NewsApp/Pods-NewsApp-resources.sh\"\n";
			showEnvVarsInLog = 0;
		};
		EAD537844D2C7DD7E8F8F855 /* [CP] Check Pods Manifest.lock */ = {
			isa = PBXShellScriptBuildPhase;
			buildActionMask = 2147483647;
			files = (
			);
			inputPaths = (
				"${PODS_PODFILE_DIR_PATH}/Podfile.lock",
				"${PODS_ROOT}/Manifest.lock",
			);
			name = "[CP] Check Pods Manifest.lock";
			outputPaths = (
				"$(DERIVED_FILE_DIR)/Pods-NewsApp-checkManifestLockResult.txt",
			);
			runOnlyForDeploymentPostprocessing = 0;
			shellPath = /bin/sh;
			shellScript = "diff \"${PODS_PODFILE_DIR_PATH}/Podfile.lock\" \"${PODS_ROOT}/Manifest.lock\" > /dev/null\nif [ $? != 0 ] ; then\n    # print error to STDERR\n    echo \"error: The sandbox is not in sync with the Podfile.lock. Run 'pod install' or update your CocoaPods installation.\" >&2\n    exit 1\nfi\n# This output is used by Xcode 'outputs' to avoid re-running this script phase.\necho \"SUCCESS\" > \"${SCRIPT_OUTPUT_FILE_0}\"\n";
			showEnvVarsInLog = 0;
		};
/* End PBXShellScriptBuildPhase section */

/* Begin PBXSourcesBuildPhase section */
		FA211FED2064439B003E7A24 /* Sources */ = {
			isa = PBXSourcesBuildPhase;
			buildActionMask = 2147483647;
			files = (
				FA211FF52064439B003E7A24 /* AppDelegate.swift in Sources */,
				FADF0B3A20655BCD006453E8 /* NewsObject.swift in Sources */,
				FABD306320645FE60073E6B5 /* MyCell.swift in Sources */,
				FABD306120645A710073E6B5 /* NegativeViewController.swift in Sources */,
				FADF0B3420653545006453E8 /* NewsViewController.swift in Sources */,
				FABD305320644ADC0073E6B5 /* ParentViewController.swift in Sources */,
				FABD305F20645A660073E6B5 /* PositiveViewController.swift in Sources */,
			);
			runOnlyForDeploymentPostprocessing = 0;
		};
/* End PBXSourcesBuildPhase section */

/* Begin PBXVariantGroup section */
		FA211FFD2064439C003E7A24 /* LaunchScreen.storyboard */ = {
			isa = PBXVariantGroup;
			children = (
				FA211FFE2064439C003E7A24 /* Base */,
			);
			name = LaunchScreen.storyboard;
			sourceTree = "<group>";
		};
/* End PBXVariantGroup section */

/* Begin XCBuildConfiguration section */
		FA2120012064439C003E7A24 /* Debug */ = {
			isa = XCBuildConfiguration;
			buildSettings = {
				ALWAYS_SEARCH_USER_PATHS = NO;
				CLANG_ANALYZER_NONNULL = YES;
				CLANG_ANALYZER_NUMBER_OBJECT_CONVERSION = YES_AGGRESSIVE;
				CLANG_CXX_LANGUAGE_STANDARD = "gnu++14";
				CLANG_CXX_LIBRARY = "libc++";
				CLANG_ENABLE_MODULES = YES;
				CLANG_ENABLE_OBJC_ARC = YES;
				CLANG_WARN_BLOCK_CAPTURE_AUTORELEASING = YES;
				CLANG_WARN_BOOL_CONVERSION = YES;
				CLANG_WARN_COMMA = YES;
				CLANG_WARN_CONSTANT_CONVERSION = YES;
				CLANG_WARN_DIRECT_OBJC_ISA_USAGE = YES_ERROR;
				CLANG_WARN_DOCUMENTATION_COMMENTS = YES;
				CLANG_WARN_EMPTY_BODY = YES;
				CLANG_WARN_ENUM_CONVERSION = YES;
				CLANG_WARN_INFINITE_RECURSION = YES;
				CLANG_WARN_INT_CONVERSION = YES;
				CLANG_WARN_NON_LITERAL_NULL_CONVERSION = YES;
				CLANG_WARN_OBJC_LITERAL_CONVERSION = YES;
				CLANG_WARN_OBJC_ROOT_CLASS = YES_ERROR;
				CLANG_WARN_RANGE_LOOP_ANALYSIS = YES;
				CLANG_WARN_STRICT_PROTOTYPES = YES;
				CLANG_WARN_SUSPICIOUS_MOVE = YES;
				CLANG_WARN_UNGUARDED_AVAILABILITY = YES_AGGRESSIVE;
				CLANG_WARN_UNREACHABLE_CODE = YES;
				CLANG_WARN__DUPLICATE_METHOD_MATCH = YES;
				CODE_SIGN_IDENTITY = "iPhone Developer";
				COPY_PHASE_STRIP = NO;
				DEBUG_INFORMATION_FORMAT = dwarf;
				ENABLE_STRICT_OBJC_MSGSEND = YES;
				ENABLE_TESTABILITY = YES;
				GCC_C_LANGUAGE_STANDARD = gnu11;
				GCC_DYNAMIC_NO_PIC = NO;
				GCC_NO_COMMON_BLOCKS = YES;
				GCC_OPTIMIZATION_LEVEL = 0;
				GCC_PREPROCESSOR_DEFINITIONS = (
					"DEBUG=1",
					"$(inherited)",
				);
				GCC_WARN_64_TO_32_BIT_CONVERSION = YES;
				GCC_WARN_ABOUT_RETURN_TYPE = YES_ERROR;
				GCC_WARN_UNDECLARED_SELECTOR = YES;
				GCC_WARN_UNINITIALIZED_AUTOS = YES_AGGRESSIVE;
				GCC_WARN_UNUSED_FUNCTION = YES;
				GCC_WARN_UNUSED_VARIABLE = YES;
				IPHONEOS_DEPLOYMENT_TARGET = 11.2;
				MTL_ENABLE_DEBUG_INFO = YES;
				ONLY_ACTIVE_ARCH = YES;
				SDKROOT = iphoneos;
				SWIFT_ACTIVE_COMPILATION_CONDITIONS = DEBUG;
				SWIFT_OPTIMIZATION_LEVEL = "-Onone";
			};
			name = Debug;
		};
		FA2120022064439C003E7A24 /* Release */ = {
			isa = XCBuildConfiguration;
			buildSettings = {
				ALWAYS_SEARCH_USER_PATHS = NO;
				CLANG_ANALYZER_NONNULL = YES;
				CLANG_ANALYZER_NUMBER_OBJECT_CONVERSION = YES_AGGRESSIVE;
				CLANG_CXX_LANGUAGE_STANDARD = "gnu++14";
				CLANG_CXX_LIBRARY = "libc++";
				CLANG_ENABLE_MODULES = YES;
				CLANG_ENABLE_OBJC_ARC = YES;
				CLANG_WARN_BLOCK_CAPTURE_AUTORELEASING = YES;
				CLANG_WARN_BOOL_CONVERSION = YES;
				CLANG_WARN_COMMA = YES;
				CLANG_WARN_CONSTANT_CONVERSION = YES;
				CLANG_WARN_DIRECT_OBJC_ISA_USAGE = YES_ERROR;
				CLANG_WARN_DOCUMENTATION_COMMENTS = YES;
				CLANG_WARN_EMPTY_BODY = YES;
				CLANG_WARN_ENUM_CONVERSION = YES;
				CLANG_WARN_INFINITE_RECURSION = YES;
				CLANG_WARN_INT_CONVERSION = YES;
				CLANG_WARN_NON_LITERAL_NULL_CONVERSION = YES;
				CLANG_WARN_OBJC_LITERAL_CONVERSION = YES;
				CLANG_WARN_OBJC_ROOT_CLASS = YES_ERROR;
				CLANG_WARN_RANGE_LOOP_ANALYSIS = YES;
				CLANG_WARN_STRICT_PROTOTYPES = YES;
				CLANG_WARN_SUSPICIOUS_MOVE = YES;
				CLANG_WARN_UNGUARDED_AVAILABILITY = YES_AGGRESSIVE;
				CLANG_WARN_UNREACHABLE_CODE = YES;
				CLANG_WARN__DUPLICATE_METHOD_MATCH = YES;
				CODE_SIGN_IDENTITY = "iPhone Developer";
				COPY_PHASE_STRIP = NO;
				DEBUG_INFORMATION_FORMAT = "dwarf-with-dsym";
				ENABLE_NS_ASSERTIONS = NO;
				ENABLE_STRICT_OBJC_MSGSEND = YES;
				GCC_C_LANGUAGE_STANDARD = gnu11;
				GCC_NO_COMMON_BLOCKS = YES;
				GCC_WARN_64_TO_32_BIT_CONVERSION = YES;
				GCC_WARN_ABOUT_RETURN_TYPE = YES_ERROR;
				GCC_WARN_UNDECLARED_SELECTOR = YES;
				GCC_WARN_UNINITIALIZED_AUTOS = YES_AGGRESSIVE;
				GCC_WARN_UNUSED_FUNCTION = YES;
				GCC_WARN_UNUSED_VARIABLE = YES;
				IPHONEOS_DEPLOYMENT_TARGET = 11.2;
				MTL_ENABLE_DEBUG_INFO = NO;
				SDKROOT = iphoneos;
				SWIFT_OPTIMIZATION_LEVEL = "-Owholemodule";
				VALIDATE_PRODUCT = YES;
			};
			name = Release;
		};
		FA2120042064439C003E7A24 /* Debug */ = {
			isa = XCBuildConfiguration;
			baseConfigurationReference = 1AAB048D6F334313A1BC49EC /* Pods-NewsApp.debug.xcconfig */;
			buildSettings = {
				ASSETCATALOG_COMPILER_APPICON_NAME = AppIcon;
				CODE_SIGN_STYLE = Automatic;
				DEVELOPMENT_TEAM = LZHPDPE83B;
				INFOPLIST_FILE = NewsApp/Info.plist;
				IPHONEOS_DEPLOYMENT_TARGET = 10.2;
				LD_RUNPATH_SEARCH_PATHS = "$(inherited) @executable_path/Frameworks";
				PRODUCT_BUNDLE_IDENTIFIER = swift.NewsApp;
				PRODUCT_NAME = "$(TARGET_NAME)";
				SWIFT_VERSION = 4.0;
				TARGETED_DEVICE_FAMILY = "1,2";
			};
			name = Debug;
		};
		FA2120052064439C003E7A24 /* Release */ = {
			isa = XCBuildConfiguration;
			baseConfigurationReference = 95C24AD8998907B3BAEF7915 /* Pods-NewsApp.release.xcconfig */;
			buildSettings = {
				ASSETCATALOG_COMPILER_APPICON_NAME = AppIcon;
				CODE_SIGN_STYLE = Automatic;
				DEVELOPMENT_TEAM = LZHPDPE83B;
				INFOPLIST_FILE = NewsApp/Info.plist;
				IPHONEOS_DEPLOYMENT_TARGET = 10.2;
				LD_RUNPATH_SEARCH_PATHS = "$(inherited) @executable_path/Frameworks";
				PRODUCT_BUNDLE_IDENTIFIER = swift.NewsApp;
				PRODUCT_NAME = "$(TARGET_NAME)";
				SWIFT_VERSION = 4.0;
				TARGETED_DEVICE_FAMILY = "1,2";
			};
			name = Release;
		};
/* End XCBuildConfiguration section */

/* Begin XCConfigurationList section */
		FA211FEC2064439B003E7A24 /* Build configuration list for PBXProject "NewsApp" */ = {
			isa = XCConfigurationList;
			buildConfigurations = (
				FA2120012064439C003E7A24 /* Debug */,
				FA2120022064439C003E7A24 /* Release */,
			);
			defaultConfigurationIsVisible = 0;
			defaultConfigurationName = Release;
		};
		FA2120032064439C003E7A24 /* Build configuration list for PBXNativeTarget "NewsApp" */ = {
			isa = XCConfigurationList;
			buildConfigurations = (
				FA2120042064439C003E7A24 /* Debug */,
				FA2120052064439C003E7A24 /* Release */,
			);
			defaultConfigurationIsVisible = 0;
			defaultConfigurationName = Release;
		};
/* End XCConfigurationList section */
	};
	rootObject = FA211FE92064439B003E7A24 /* Project object */;
}
